
Microsoft Visual Studio Solution File, Format Version 12.00
# Visual Studio Version 17
VisualStudioVersion = 17.14.36616.10
MinimumVisualStudioVersion = 10.0.40219.1
Project("{FAE04EC0-301F-11D3-BF4B-00C04F79EFBC}") = "Praktika", "Praktika\Praktika.csproj", "{8F39692A-EC0B-4FE5-B050-EF29933FD0F3}"
EndProject
Project("{FAE04EC0-301F-11D3-BF4B-00C04F79EFBC}") = "Praktika.DAL", "Praktika.DAL\Praktika.DAL.csproj", "{B06D4C18-3EB3-4EF6-8781-CFCC8FF9FEFD}"
EndProject
Global
	GlobalSection(SolutionConfigurationPlatforms) = preSolution
		Debug|Any CPU = Debug|Any CPU
		Release|Any CPU = Release|Any CPU
	EndGlobalSection
	GlobalSection(ProjectConfigurationPlatforms) = postSolution
		{8F39692A-EC0B-4FE5-B050-EF29933FD0F3}.Debug|Any CPU.ActiveCfg = Debug|Any CPU
		{8F39692A-EC0B-4FE5-B050-EF29933FD0F3}.Debug|Any CPU.Build.0 = Debug|Any CPU
		{8F39692A-EC0B-4FE5-B050-EF29933FD0F3}.Release|Any CPU.ActiveCfg = Release|Any CPU
		{8F39692A-EC0B-4FE5-B050-EF29933FD0F3}.Release|Any CPU.Build.0 = Release|Any CPU
		{B06D4C18-3EB3-4EF6-8781-CFCC8FF9FEFD}.Debug|Any CPU.ActiveCfg = Debug|Any CPU
		{B06D4C18-3EB3-4EF6-8781-CFCC8FF9FEFD}.Debug|Any CPU.Build.0 = Debug|Any CPU
		{B06D4C18-3EB3-4EF6-8781-CFCC8FF9FEFD}.Release|Any CPU.ActiveCfg = Release|Any CPU
		{B06D4C18-3EB3-4EF6-8781-CFCC8FF9FEFD}.Release|Any CPU.Build.0 = Release|Any CPU
	EndGlobalSection
	GlobalSection(SolutionProperties) = preSolution
		HideSolutionNode = FALSE
	EndGlobalSection
	GlobalSection(ExtensibilityGlobals) = postSolution
		SolutionGuid = {704264DC-9C38-46EA-A865-BAE3815E6DB7}
	EndGlobalSection
EndGlobal
